{
  "name": "node-red-contrib-ble-mesh",
  "version": "0.0.1",
  "lockfileVersion": 1,
  "requires": true,
  "dependencies": {
    "big-integer": {
      "version": "1.6.47",
      "resolved": "https://registry.npmjs.org/big-integer/-/big-integer-1.6.47.tgz",
      "integrity": "sha512-9t9f7X3as2XGX8b52GqG6ox0GvIdM86LyIXASJnDCFhYNgt+A+MByQZ3W2PyMRZjEvG5f8TEbSPfEotVuMJnQg=="
    },
    "crypto-js": {
      "version": "3.1.9-1",
      "resolved": "https://registry.npmjs.org/crypto-js/-/crypto-js-3.1.9-1.tgz",
      "integrity": "sha1-/aGedh/Ad+Af+/3G6f38WeiAbNg="
    },
    "node-aes-cmac": {
      "version": "0.1.1",
      "resolved": "https://registry.npmjs.org/node-aes-cmac/-/node-aes-cmac-0.1.1.tgz",
      "integrity": "sha1-m//4ay9j45SeKCi9hfW2gltwKEQ="
    }
  }
}
